// !$*UTF8*$!
{
	archiveVersion = 1;
	classes = {
	};
	objectVersion = 77;
	objects = {

/* Begin PBXContainerItemProxy section */
		10E5A35C2E63E45C0045FCE6 /* PBXContainerItemProxy */ = {
			isa = PBXContainerItemProxy;
			containerPortal = 10E5A3462E63E45B0045FCE6 /* Project object */;
			proxyType = 1;
			remoteGlobalIDString = 10E5A34D2E63E45B0045FCE6;
			remoteInfo = memTV;
		};
		10E5A3662E63E45C0045FCE6 /* PBXContainerItemProxy */ = {
			isa = PBXContainerItemProxy;
			containerPortal = 10E5A3462E63E45B0045FCE6 /* Project object */;
			proxyType = 1;
			remoteGlobalIDString = 10E5A34D2E63E45B0045FCE6;
			remoteInfo = memTV;
		};
/* End PBXContainerItemProxy section */

/* Begin PBXFileReference section */
		10E5A34E2E63E45B0045FCE6 /* memTV.app */ = {isa = PBXFileReference; explicitFileType = wrapper.application; includeInIndex = 0; path = memTV.app; sourceTree = BUILT_PRODUCTS_DIR; };
		10E5A35B2E63E45C0045FCE6 /* memTVTests.xctest */ = {isa = PBXFileReference; explicitFileType = wrapper.cfbundle; includeInIndex = 0; path = memTVTests.xctest; sourceTree = BUILT_PRODUCTS_DIR; };
		10E5A3652E63E45C0045FCE6 /* memTVUITests.xctest */ = {isa = PBXFileReference; explicitFileType = wrapper.cfbundle; includeInIndex = 0; path = memTVUITests.xctest; sourceTree = BUILT_PRODUCTS_DIR; };
/* End PBXFileReference section */

/* Begin PBXFileSystemSynchronizedRootGroup section */
		10E5A3502E63E45B0045FCE6 /* memTV */ = {
			isa = PBXFileSystemSynchronizedRootGroup;
			path = memTV;
			sourceTree = "<group>";
		};
		10E5A35E2E63E45C0045FCE6 /* memTVTests */ = {
			isa = PBXFileSystemSynchronizedRootGroup;
			path = memTVTests;
			sourceTree = "<group>";
		};
		10E5A3682E63E45C0045FCE6 /* memTVUITests */ = {
			isa = PBXFileSystemSynchronizedRootGroup;
			path = memTVUITests;
			sourceTree = "<group>";
		};
/* End PBXFileSystemSynchronizedRootGroup section */

/* Begin PBXFrameworksBuildPhase section */
		10E5A34B2E63E45B0045FCE6 /* Frameworks */ = {
			isa = PBXFrameworksBuildPhase;
			buildActionMask = 2147483647;
			files = (
			);
			runOnlyForDeploymentPostprocessing = 0;
		};
		10E5A3582E63E45C0045FCE6 /* Frameworks */ = {
			isa = PBXFrameworksBuildPhase;
			buildActionMask = 2147483647;
			files = (
			);
			runOnlyForDeploymentPostprocessing = 0;
		};
		10E5A3622E63E45C0045FCE6 /* Frameworks */ = {
			isa = PBXFrameworksBuildPhase;
			buildActionMask = 2147483647;
			files = (
			);
			runOnlyForDeploymentPostprocessing = 0;
		};
/* End PBXFrameworksBuildPhase section */

/* Begin PBXGroup section */
		10E5A3452E63E45B0045FCE6 = {
			isa = PBXGroup;
			children = (
				10E5A3502E63E45B0045FCE6 /* memTV */,
				10E5A35E2E63E45C0045FCE6 /* memTVTests */,
				10E5A3682E63E45C0045FCE6 /* memTVUITests */,
				10E5A34F2E63E45B0045FCE6 /* Products */,
			);
			sourceTree = "<group>";
		};
		10E5A34F2E63E45B0045FCE6 /* Products */ = {
			isa = PBXGroup;
			children = (
				10E5A34E2E63E45B0045FCE6 /* memTV.app */,
				10E5A35B2E63E45C0045FCE6 /* memTVTests.xctest */,
				10E5A3652E63E45C0045FCE6 /* memTVUITests.xctest */,
			);
			name = Products;
			sourceTree = "<group>";
		};
/* End PBXGroup section */

/* Begin PBXNativeTarget section */
		10E5A34D2E63E45B0045FCE6 /* memTV */ = {
			isa = PBXNativeTarget;
			buildConfigurationList = 10E5A36F2E63E45C0045FCE6 /* Build configuration list for PBXNativeTarget "memTV" */;
			buildPhases = (
				10E5A34A2E63E45B0045FCE6 /* Sources */,
				10E5A34B2E63E45B0045FCE6 /* Frameworks */,
				10E5A34C2E63E45B0045FCE6 /* Resources */,
			);
			buildRules = (
			);
			dependencies = (
			);
			fileSystemSynchronizedGroups = (
				10E5A3502E63E45B0045FCE6 /* memTV */,
			);
			name = memTV;
			packageProductDependencies = (
			);
			productName = memTV;
			productReference = 10E5A34E2E63E45B0045FCE6 /* memTV.app */;
			productType = "com.apple.product-type.application";
		};
		10E5A35A2E63E45C0045FCE6 /* memTVTests */ = {
			isa = PBXNativeTarget;
			buildConfigurationList = 10E5A3722E63E45C0045FCE6 /* Build configuration list for PBXNativeTarget "memTVTests" */;
			buildPhases = (
				10E5A3572E63E45C0045FCE6 /* Sources */,
				10E5A3582E63E45C0045FCE6 /* Frameworks */,
				10E5A3592E63E45C0045FCE6 /* Resources */,
			);
			buildRules = (
			);
			dependencies = (
				10E5A35D2E63E45C0045FCE6 /* PBXTargetDependency */,
			);
			fileSystemSynchronizedGroups = (
				10E5A35E2E63E45C0045FCE6 /* memTVTests */,
			);
			name = memTVTests;
			packageProductDependencies = (
			);
			productName = memTVTests;
			productReference = 10E5A35B2E63E45C0045FCE6 /* memTVTests.xctest */;
			productType = "com.apple.product-type.bundle.unit-test";
		};
		10E5A3642E63E45C0045FCE6 /* memTVUITests */ = {
			isa = PBXNativeTarget;
			buildConfigurationList = 10E5A3752E63E45C0045FCE6 /* Build configuration list for PBXNativeTarget "memTVUITests" */;
			buildPhases = (
				10E5A3612E63E45C0045FCE6 /* Sources */,
				10E5A3622E63E45C0045FCE6 /* Frameworks */,
				10E5A3632E63E45C0045FCE6 /* Resources */,
			);
			buildRules = (
			);
			dependencies = (
				10E5A3672E63E45C0045FCE6 /* PBXTargetDependency */,
			);
			fileSystemSynchronizedGroups = (
				10E5A3682E63E45C0045FCE6 /* memTVUITests */,
			);
			name = memTVUITests;
			packageProductDependencies = (
			);
			productName = memTVUITests;
			productReference = 10E5A3652E63E45C0045FCE6 /* memTVUITests.xctest */;
			productType = "com.apple.product-type.bundle.ui-testing";
		};
/* End PBXNativeTarget section */

/* Begin PBXProject section */
		10E5A3462E63E45B0045FCE6 /* Project object */ = {
			isa = PBXProject;
			attributes = {
				BuildIndependentTargetsInParallel = 1;
				LastSwiftUpdateCheck = 1640;
				LastUpgradeCheck = 1640;
				TargetAttributes = {
					10E5A34D2E63E45B0045FCE6 = {
						CreatedOnToolsVersion = 16.4;
					};
					10E5A35A2E63E45C0045FCE6 = {
						CreatedOnToolsVersion = 16.4;
						TestTargetID = 10E5A34D2E63E45B0045FCE6;
					};
					10E5A3642E63E45C0045FCE6 = {
						CreatedOnToolsVersion = 16.4;
						TestTargetID = 10E5A34D2E63E45B0045FCE6;
					};
				};
			};
			buildConfigurationList = 10E5A3492E63E45B0045FCE6 /* Build configuration list for PBXProject "memTV" */;
			developmentRegion = en;
			hasScannedForEncodings = 0;
			knownRegions = (
				en,
				Base,
			);
			mainGroup = 10E5A3452E63E45B0045FCE6;
			minimizedProjectReferenceProxies = 1;
			preferredProjectObjectVersion = 77;
			productRefGroup = 10E5A34F2E63E45B0045FCE6 /* Products */;
			projectDirPath = "";
			projectRoot = "";
			targets = (
				10E5A34D2E63E45B0045FCE6 /* memTV */,
				10E5A35A2E63E45C0045FCE6 /* memTVTests */,
				10E5A3642E63E45C0045FCE6 /* memTVUITests */,
			);
		};
/* End PBXProject section */

/* Begin PBXResourcesBuildPhase section */
		10E5A34C2E63E45B0045FCE6 /* Resources */ = {
			isa = PBXResourcesBuildPhase;
			buildActionMask = 2147483647;
			files = (
			);
			runOnlyForDeploymentPostprocessing = 0;
		};
		10E5A3592E63E45C0045FCE6 /* Resources */ = {
			isa = PBXResourcesBuildPhase;
			buildActionMask = 2147483647;
			files = (
			);
			runOnlyForDeploymentPostprocessing = 0;
		};
		10E5A3632E63E45C0045FCE6 /* Resources */ = {
			isa = PBXResourcesBuildPhase;
			buildActionMask = 2147483647;
			files = (
			);
			runOnlyForDeploymentPostprocessing = 0;
		};
/* End PBXResourcesBuildPhase section */

/* Begin PBXSourcesBuildPhase section */
		10E5A34A2E63E45B0045FCE6 /* Sources */ = {
			isa = PBXSourcesBuildPhase;
			buildActionMask = 2147483647;
			files = (
			);
			runOnlyForDeploymentPostprocessing = 0;
		};
		10E5A3572E63E45C0045FCE6 /* Sources */ = {
			isa = PBXSourcesBuildPhase;
			buildActionMask = 2147483647;
			files = (
			);
			runOnlyForDeploymentPostprocessing = 0;
		};
		10E5A3612E63E45C0045FCE6 /* Sources */ = {
			isa = PBXSourcesBuildPhase;
			buildActionMask = 2147483647;
			files = (
			);
			runOnlyForDeploymentPostprocessing = 0;
		};
/* End PBXSourcesBuildPhase section */

/* Begin PBXTargetDependency section */
		10E5A35D2E63E45C0045FCE6 /* PBXTargetDependency */ = {
			isa = PBXTargetDependency;
			target = 10E5A34D2E63E45B0045FCE6 /* memTV */;
			targetProxy = 10E5A35C2E63E45C0045FCE6 /* PBXContainerItemProxy */;
		};
		10E5A3672E63E45C0045FCE6 /* PBXTargetDependency */ = {
			isa = PBXTargetDependency;
			target = 10E5A34D2E63E45B0045FCE6 /* memTV */;
			targetProxy = 10E5A3662E63E45C0045FCE6 /* PBXContainerItemProxy */;
		};
/* End PBXTargetDependency section */

/* Begin XCBuildConfiguration section */
		10E5A36D2E63E45C0045FCE6 /* Debug */ = {
			isa = XCBuildConfiguration;
			buildSettings = {
				ALWAYS_SEARCH_USER_PATHS = NO;
				ASSETCATALOG_COMPILER_GENERATE_SWIFT_ASSET_SYMBOL_EXTENSIONS = YES;
				CLANG_ANALYZER_NONNULL = YES;
				CLANG_ANALYZER_NUMBER_OBJECT_CONVERSION = YES_AGGRESSIVE;
				CLANG_CXX_LANGUAGE_STANDARD = "gnu++20";
				CLANG_ENABLE_MODULES = YES;
				CLANG_ENABLE_OBJC_ARC = YES;
				CLANG_ENABLE_OBJC_WEAK = YES;
				CLANG_WARN_BLOCK_CAPTURE_AUTORELEASING = YES;
				CLANG_WARN_BOOL_CONVERSION = YES;
				CLANG_WARN_COMMA = YES;
				CLANG_WARN_CONSTANT_CONVERSION = YES;
				CLANG_WARN_DEPRECATED_OBJC_IMPLEMENTATIONS = YES;
				CLANG_WARN_DIRECT_OBJC_ISA_USAGE = YES_ERROR;
				CLANG_WARN_DOCUMENTATION_COMMENTS = YES;
				CLANG_WARN_EMPTY_BODY = YES;
				CLANG_WARN_ENUM_CONVERSION = YES;
				CLANG_WARN_INFINITE_RECURSION = YES;
				CLANG_WARN_INT_CONVERSION = YES;
				CLANG_WARN_NON_LITERAL_NULL_CONVERSION = YES;
				CLANG_WARN_OBJC_IMPLICIT_RETAIN_SELF = YES;
				CLANG_WARN_OBJC_LITERAL_CONVERSION = YES;
				CLANG_WARN_OBJC_ROOT_CLASS = YES_ERROR;
				CLANG_WARN_QUOTED_INCLUDE_IN_FRAMEWORK_HEADER = YES;
				CLANG_WARN_RANGE_LOOP_ANALYSIS = YES;
				CLANG_WARN_STRICT_PROTOTYPES = YES;
				CLANG_WARN_SUSPICIOUS_MOVE = YES;
				CLANG_WARN_UNGUARDED_AVAILABILITY = YES_AGGRESSIVE;
				CLANG_WARN_UNREACHABLE_CODE = YES;
				CLANG_WARN__DUPLICATE_METHOD_MATCH = YES;
				COPY_PHASE_STRIP = NO;
				DEBUG_INFORMATION_FORMAT = dwarf;
				DEVELOPMENT_TEAM = GW874N6RWX;
				ENABLE_STRICT_OBJC_MSGSEND = YES;
				ENABLE_TESTABILITY = YES;
				ENABLE_USER_SCRIPT_SANDBOXING = YES;
				GCC_C_LANGUAGE_STANDARD = gnu17;
				GCC_DYNAMIC_NO_PIC = NO;
				GCC_NO_COMMON_BLOCKS = YES;
				GCC_OPTIMIZATION_LEVEL = 0;
				GCC_PREPROCESSOR_DEFINITIONS = (
					"DEBUG=1",
					"$(inherited)",
				);
				GCC_WARN_64_TO_32_BIT_CONVERSION = YES;
				GCC_WARN_ABOUT_RETURN_TYPE = YES_ERROR;
				GCC_WARN_UNDECLARED_SELECTOR = YES;
				GCC_WARN_UNINITIALIZED_AUTOS = YES_AGGRESSIVE;
				GCC_WARN_UNUSED_FUNCTION = YES;
				GCC_WARN_UNUSED_VARIABLE = YES;
				LOCALIZATION_PREFERS_STRING_CATALOGS = YES;
				MTL_ENABLE_DEBUG_INFO = INCLUDE_SOURCE;
				MTL_FAST_MATH = YES;
				ONLY_ACTIVE_ARCH = YES;
				SDKROOT = appletvos;
				SWIFT_ACTIVE_COMPILATION_CONDITIONS = "DEBUG $(inherited)";
				SWIFT_OPTIMIZATION_LEVEL = "-Onone";
				TVOS_DEPLOYMENT_TARGET = 18.5;
			};
			name = Debug;
		};
		10E5A36E2E63E45C0045FCE6 /* Release */ = {
			isa = XCBuildConfiguration;
			buildSettings = {
				ALWAYS_SEARCH_USER_PATHS = NO;
				ASSETCATALOG_COMPILER_GENERATE_SWIFT_ASSET_SYMBOL_EXTENSIONS = YES;
				CLANG_ANALYZER_NONNULL = YES;
				CLANG_ANALYZER_NUMBER_OBJECT_CONVERSION = YES_AGGRESSIVE;
				CLANG_CXX_LANGUAGE_STANDARD = "gnu++20";
				CLANG_ENABLE_MODULES = YES;
				CLANG_ENABLE_OBJC_ARC = YES;
				CLANG_ENABLE_OBJC_WEAK = YES;
				CLANG_WARN_BLOCK_CAPTURE_AUTORELEASING = YES;
				CLANG_WARN_BOOL_CONVERSION = YES;
				CLANG_WARN_COMMA = YES;
				CLANG_WARN_CONSTANT_CONVERSION = YES;
				CLANG_WARN_DEPRECATED_OBJC_IMPLEMENTATIONS = YES;
				CLANG_WARN_DIRECT_OBJC_ISA_USAGE = YES_ERROR;
				CLANG_WARN_DOCUMENTATION_COMMENTS = YES;
				CLANG_WARN_EMPTY_BODY = YES;
				CLANG_WARN_ENUM_CONVERSION = YES;
				CLANG_WARN_INFINITE_RECURSION = YES;
				CLANG_WARN_INT_CONVERSION = YES;
				CLANG_WARN_NON_LITERAL_NULL_CONVERSION = YES;
				CLANG_WARN_OBJC_IMPLICIT_RETAIN_SELF = YES;
				CLANG_WARN_OBJC_LITERAL_CONVERSION = YES;
				CLANG_WARN_OBJC_ROOT_CLASS = YES_ERROR;
				CLANG_WARN_QUOTED_INCLUDE_IN_FRAMEWORK_HEADER = YES;
				CLANG_WARN_RANGE_LOOP_ANALYSIS = YES;
				CLANG_WARN_STRICT_PROTOTYPES = YES;
				CLANG_WARN_SUSPICIOUS_MOVE = YES;
				CLANG_WARN_UNGUARDED_AVAILABILITY = YES_AGGRESSIVE;
				CLANG_WARN_UNREACHABLE_CODE = YES;
				CLANG_WARN__DUPLICATE_METHOD_MATCH = YES;
				COPY_PHASE_STRIP = NO;
				DEBUG_INFORMATION_FORMAT = "dwarf-with-dsym";
				DEVELOPMENT_TEAM = GW874N6RWX;
				ENABLE_NS_ASSERTIONS = NO;
				ENABLE_STRICT_OBJC_MSGSEND = YES;
				ENABLE_USER_SCRIPT_SANDBOXING = YES;
				GCC_C_LANGUAGE_STANDARD = gnu17;
				GCC_NO_COMMON_BLOCKS = YES;
				GCC_WARN_64_TO_32_BIT_CONVERSION = YES;
				GCC_WARN_ABOUT_RETURN_TYPE = YES_ERROR;
				GCC_WARN_UNDECLARED_SELECTOR = YES;
				GCC_WARN_UNINITIALIZED_AUTOS = YES_AGGRESSIVE;
				GCC_WARN_UNUSED_FUNCTION = YES;
				GCC_WARN_UNUSED_VARIABLE = YES;
				LOCALIZATION_PREFERS_STRING_CATALOGS = YES;
				MTL_ENABLE_DEBUG_INFO = NO;
				MTL_FAST_MATH = YES;
				SDKROOT = appletvos;
				SWIFT_COMPILATION_MODE = wholemodule;
				TVOS_DEPLOYMENT_TARGET = 18.5;
				VALIDATE_PRODUCT = YES;
			};
			name = Release;
		};
		10E5A3702E63E45C0045FCE6 /* Debug */ = {
			isa = XCBuildConfiguration;
			buildSettings = {
				ASSETCATALOG_COMPILER_APPICON_NAME = "App Icon & Top Shelf Image";
				ASSETCATALOG_COMPILER_GLOBAL_ACCENT_COLOR_NAME = AccentColor;
				ASSETCATALOG_COMPILER_INCLUDE_ALL_APPICON_ASSETS = YES;
				CODE_SIGN_STYLE = Automatic;
				CURRENT_PROJECT_VERSION = 10;
				DEVELOPMENT_TEAM = GW874N6RWX;
				ENABLE_PREVIEWS = YES;
				GENERATE_INFOPLIST_FILE = YES;
				INFOPLIST_KEY_CFBundleDisplayName = MempoolTV;
				INFOPLIST_KEY_LSApplicationCategoryType = "public.app-category.finance";
				INFOPLIST_KEY_UILaunchScreen_Generation = YES;
				INFOPLIST_KEY_UIUserInterfaceStyle = Automatic;
				LD_RUNPATH_SEARCH_PATHS = (
					"$(inherited)",
					"@executable_path/Frameworks",
				);
				MARKETING_VERSION = 1.0;
				PRODUCT_BUNDLE_IDENTIFIER = tkay.memTV;
				PRODUCT_NAME = "$(TARGET_NAME)";
				SWIFT_EMIT_LOC_STRINGS = YES;
				SWIFT_VERSION = 5.0;
				TARGETED_DEVICE_FAMILY = 3;
			};
			name = Debug;
		};
		10E5A3712E63E45C0045FCE6 /* Release */ = {
			isa = XCBuildConfiguration;
			buildSettings = {
				ASSETCATALOG_COMPILER_APPICON_NAME = "App Icon & Top Shelf Image";
				ASSETCATALOG_COMPILER_GLOBAL_ACCENT_COLOR_NAME = AccentColor;
				ASSETCATALOG_COMPILER_INCLUDE_ALL_APPICON_ASSETS = YES;
				CODE_SIGN_STYLE = Automatic;
				CURRENT_PROJECT_VERSION = 10;
				DEVELOPMENT_TEAM = GW874N6RWX;
				ENABLE_PREVIEWS = YES;
				GENERATE_INFOPLIST_FILE = YES;
				INFOPLIST_KEY_CFBundleDisplayName = MempoolTV;
				INFOPLIST_KEY_LSApplicationCategoryType = "public.app-category.finance";
				INFOPLIST_KEY_UILaunchScreen_Generation = YES;
				INFOPLIST_KEY_UIUserInterfaceStyle = Automatic;
				LD_RUNPATH_SEARCH_PATHS = (
					"$(inherited)",
					"@executable_path/Frameworks",
				);
				MARKETING_VERSION = 1.0;
				PRODUCT_BUNDLE_IDENTIFIER = tkay.memTV;
				PRODUCT_NAME = "$(TARGET_NAME)";
				SWIFT_EMIT_LOC_STRINGS = YES;
				SWIFT_VERSION = 5.0;
				TARGETED_DEVICE_FAMILY = 3;
			};
			name = Release;
		};
		10E5A3732E63E45C0045FCE6 /* Debug */ = {
			isa = XCBuildConfiguration;
			buildSettings = {
				BUNDLE_LOADER = "$(TEST_HOST)";
				CODE_SIGN_STYLE = Automatic;
				CURRENT_PROJECT_VERSION = 1;
				DEVELOPMENT_TEAM = GW874N6RWX;
				GENERATE_INFOPLIST_FILE = YES;
				MARKETING_VERSION = 1.0;
				PRODUCT_BUNDLE_IDENTIFIER = tkay.memTVTests;
				PRODUCT_NAME = "$(TARGET_NAME)";
				SWIFT_EMIT_LOC_STRINGS = NO;
				SWIFT_VERSION = 5.0;
				TARGETED_DEVICE_FAMILY = 3;
				TEST_HOST = "$(BUILT_PRODUCTS_DIR)/memTV.app/$(BUNDLE_EXECUTABLE_FOLDER_PATH)/memTV";
				TVOS_DEPLOYMENT_TARGET = 18.5;
			};
			name = Debug;
		};
		10E5A3742E63E45C0045FCE6 /* Release */ = {
			isa = XCBuildConfiguration;
			buildSettings = {
				BUNDLE_LOADER = "$(TEST_HOST)";
				CODE_SIGN_STYLE = Automatic;
				CURRENT_PROJECT_VERSION = 1;
				DEVELOPMENT_TEAM = GW874N6RWX;
				GENERATE_INFOPLIST_FILE = YES;
				MARKETING_VERSION = 1.0;
				PRODUCT_BUNDLE_IDENTIFIER = tkay.memTVTests;
				PRODUCT_NAME = "$(TARGET_NAME)";
				SWIFT_EMIT_LOC_STRINGS = NO;
				SWIFT_VERSION = 5.0;
				TARGETED_DEVICE_FAMILY = 3;
				TEST_HOST = "$(BUILT_PRODUCTS_DIR)/memTV.app/$(BUNDLE_EXECUTABLE_FOLDER_PATH)/memTV";
				TVOS_DEPLOYMENT_TARGET = 18.5;
			};
			name = Release;
		};
		10E5A3762E63E45C0045FCE6 /* Debug */ = {
			isa = XCBuildConfiguration;
			buildSettings = {
				CODE_SIGN_STYLE = Automatic;
				CURRENT_PROJECT_VERSION = 1;
				DEVELOPMENT_TEAM = GW874N6RWX;
				GENERATE_INFOPLIST_FILE = YES;
				MARKETING_VERSION = 1.0;
				PRODUCT_BUNDLE_IDENTIFIER = tkay.memTVUITests;
				PRODUCT_NAME = "$(TARGET_NAME)";
				SWIFT_EMIT_LOC_STRINGS = NO;
				SWIFT_VERSION = 5.0;
				TARGETED_DEVICE_FAMILY = 3;
				TEST_TARGET_NAME = memTV;
			};
			name = Debug;
		};
		10E5A3772E63E45C0045FCE6 /* Release */ = {
			isa = XCBuildConfiguration;
			buildSettings = {
				CODE_SIGN_STYLE = Automatic;
				CURRENT_PROJECT_VERSION = 1;
				DEVELOPMENT_TEAM = GW874N6RWX;
				GENERATE_INFOPLIST_FILE = YES;
				MARKETING_VERSION = 1.0;
				PRODUCT_BUNDLE_IDENTIFIER = tkay.memTVUITests;
				PRODUCT_NAME = "$(TARGET_NAME)";
				SWIFT_EMIT_LOC_STRINGS = NO;
				SWIFT_VERSION = 5.0;
				TARGETED_DEVICE_FAMILY = 3;
				TEST_TARGET_NAME = memTV;
			};
			name = Release;
		};
/* End XCBuildConfiguration section */

/* Begin XCConfigurationList section */
		10E5A3492E63E45B0045FCE6 /* Build configuration list for PBXProject "memTV" */ = {
			isa = XCConfigurationList;
			buildConfigurations = (
				10E5A36D2E63E45C0045FCE6 /* Debug */,
				10E5A36E2E63E45C0045FCE6 /* Release */,
			);
			defaultConfigurationIsVisible = 0;
			defaultConfigurationName = Release;
		};
		10E5A36F2E63E45C0045FCE6 /* Build configuration list for PBXNativeTarget "memTV" */ = {
			isa = XCConfigurationList;
			buildConfigurations = (
				10E5A3702E63E45C0045FCE6 /* Debug */,
				10E5A3712E63E45C0045FCE6 /* Release */,
			);
			defaultConfigurationIsVisible = 0;
			defaultConfigurationName = Release;
		};
		10E5A3722E63E45C0045FCE6 /* Build configuration list for PBXNativeTarget "memTVTests" */ = {
			isa = XCConfigurationList;
			buildConfigurations = (
				10E5A3732E63E45C0045FCE6 /* Debug */,
				10E5A3742E63E45C0045FCE6 /* Release */,
			);
			defaultConfigurationIsVisible = 0;
			defaultConfigurationName = Release;
		};
		10E5A3752E63E45C0045FCE6 /* Build configuration list for PBXNativeTarget "memTVUITests" */ = {
			isa = XCConfigurationList;
			buildConfigurations = (
				10E5A3762E63E45C0045FCE6 /* Debug */,
				10E5A3772E63E45C0045FCE6 /* Release */,
			);
			defaultConfigurationIsVisible = 0;
			defaultConfigurationName = Release;
		};
/* End XCConfigurationList section */
	};
	rootObject = 10E5A3462E63E45B0045FCE6 /* Project object */;
}
